// !$*UTF8*$!
{
	archiveVersion = 1;
	classes = {
	};
	objectVersion = 56;
	objects = {

/* Begin PBXBuildFile section */
		D086AE742B2A1E42009CC8B0 /* HeaderView.swift in Sources */ = {isa = PBXBuildFile; fileRef = D086AE732B2A1E42009CC8B0 /* HeaderView.swift */; };
		D0A351792B2DCBB2006AAABA /* YoutubeSearchResponse.swift in Sources */ = {isa = PBXBuildFile; fileRef = D0A351782B2DCBB2006AAABA /* YoutubeSearchResponse.swift */; };
		D0A3517B2B2DCFA8006AAABA /* PreviewViewController.swift in Sources */ = {isa = PBXBuildFile; fileRef = D0A3517A2B2DCFA8006AAABA /* PreviewViewController.swift */; };
		D0A3517D2B2DD2D6006AAABA /* PreviewViewModel.swift in Sources */ = {isa = PBXBuildFile; fileRef = D0A3517C2B2DD2D6006AAABA /* PreviewViewModel.swift */; };
		D0B656572B2B0EF4000A83D7 /* APICaller.swift in Sources */ = {isa = PBXBuildFile; fileRef = D0B656562B2B0EF4000A83D7 /* APICaller.swift */; };
		D0B656592B2B1629000A83D7 /* Title.swift in Sources */ = {isa = PBXBuildFile; fileRef = D0B656582B2B1629000A83D7 /* Title.swift */; };
		D0B6565F2B2B581C000A83D7 /* TitleCollectionViewCell.swift in Sources */ = {isa = PBXBuildFile; fileRef = D0B6565E2B2B581C000A83D7 /* TitleCollectionViewCell.swift */; };
		D0B656622B2B598C000A83D7 /* SDWebImage in Frameworks */ = {isa = PBXBuildFile; productRef = D0B656612B2B598C000A83D7 /* SDWebImage */; };
		D0B656642B2B598C000A83D7 /* SDWebImageMapKit in Frameworks */ = {isa = PBXBuildFile; productRef = D0B656632B2B598C000A83D7 /* SDWebImageMapKit */; };
		D0B656662B2B7565000A83D7 /* TitleTableViewCell.swift in Sources */ = {isa = PBXBuildFile; fileRef = D0B656652B2B7565000A83D7 /* TitleTableViewCell.swift */; };
		D0B656682B2B7920000A83D7 /* TitleViewModel.swift in Sources */ = {isa = PBXBuildFile; fileRef = D0B656672B2B7920000A83D7 /* TitleViewModel.swift */; };
		D0B6566A2B2B84CE000A83D7 /* SearchResultsViewController.swift in Sources */ = {isa = PBXBuildFile; fileRef = D0B656692B2B84CE000A83D7 /* SearchResultsViewController.swift */; };
		D0D6CED22B3308CA004DA7C7 /* CinemateModel.xcdatamodeld in Sources */ = {isa = PBXBuildFile; fileRef = D0D6CED02B3308CA004DA7C7 /* CinemateModel.xcdatamodeld */; };
		D0D6CED42B330DF4004DA7C7 /* DataManager.swift in Sources */ = {isa = PBXBuildFile; fileRef = D0D6CED32B330DF4004DA7C7 /* DataManager.swift */; };
		D0FA0D2A2B29D5380084D939 /* AppDelegate.swift in Sources */ = {isa = PBXBuildFile; fileRef = D0FA0D292B29D5380084D939 /* AppDelegate.swift */; };
		D0FA0D2C2B29D5380084D939 /* SceneDelegate.swift in Sources */ = {isa = PBXBuildFile; fileRef = D0FA0D2B2B29D5380084D939 /* SceneDelegate.swift */; };
		D0FA0D2E2B29D5380084D939 /* MainTabBarViewController.swift in Sources */ = {isa = PBXBuildFile; fileRef = D0FA0D2D2B29D5380084D939 /* MainTabBarViewController.swift */; };
		D0FA0D332B29D5390084D939 /* Assets.xcassets in Resources */ = {isa = PBXBuildFile; fileRef = D0FA0D322B29D5390084D939 /* Assets.xcassets */; };
		D0FA0D362B29D5390084D939 /* LaunchScreen.storyboard in Resources */ = {isa = PBXBuildFile; fileRef = D0FA0D342B29D5390084D939 /* LaunchScreen.storyboard */; };
		D0FA0D3F2B29D95C0084D939 /* HomeViewController.swift in Sources */ = {isa = PBXBuildFile; fileRef = D0FA0D3E2B29D95C0084D939 /* HomeViewController.swift */; };
		D0FA0D412B29D9870084D939 /* ComingViewController.swift in Sources */ = {isa = PBXBuildFile; fileRef = D0FA0D402B29D9870084D939 /* ComingViewController.swift */; };
		D0FA0D432B29D9990084D939 /* SearchViewController.swift in Sources */ = {isa = PBXBuildFile; fileRef = D0FA0D422B29D9990084D939 /* SearchViewController.swift */; };
		D0FA0D452B29D9B30084D939 /* DownloadsViewController.swift in Sources */ = {isa = PBXBuildFile; fileRef = D0FA0D442B29D9B30084D939 /* DownloadsViewController.swift */; };
		D0FA0D4C2B29E0F90084D939 /* CollectionViewTableViewCell.swift in Sources */ = {isa = PBXBuildFile; fileRef = D0FA0D4B2B29E0F90084D939 /* CollectionViewTableViewCell.swift */; };
/* End PBXBuildFile section */

/* Begin PBXFileReference section */
		D086AE732B2A1E42009CC8B0 /* HeaderView.swift */ = {isa = PBXFileReference; lastKnownFileType = sourcecode.swift; path = HeaderView.swift; sourceTree = "<group>"; };
		D0A351782B2DCBB2006AAABA /* YoutubeSearchResponse.swift */ = {isa = PBXFileReference; lastKnownFileType = sourcecode.swift; path = YoutubeSearchResponse.swift; sourceTree = "<group>"; };
		D0A3517A2B2DCFA8006AAABA /* PreviewViewController.swift */ = {isa = PBXFileReference; lastKnownFileType = sourcecode.swift; path = PreviewViewController.swift; sourceTree = "<group>"; };
		D0A3517C2B2DD2D6006AAABA /* PreviewViewModel.swift */ = {isa = PBXFileReference; lastKnownFileType = sourcecode.swift; path = PreviewViewModel.swift; sourceTree = "<group>"; };
		D0B656562B2B0EF4000A83D7 /* APICaller.swift */ = {isa = PBXFileReference; lastKnownFileType = sourcecode.swift; path = APICaller.swift; sourceTree = "<group>"; };
		D0B656582B2B1629000A83D7 /* Title.swift */ = {isa = PBXFileReference; lastKnownFileType = sourcecode.swift; path = Title.swift; sourceTree = "<group>"; };
		D0B6565E2B2B581C000A83D7 /* TitleCollectionViewCell.swift */ = {isa = PBXFileReference; lastKnownFileType = sourcecode.swift; path = TitleCollectionViewCell.swift; sourceTree = "<group>"; };
		D0B656652B2B7565000A83D7 /* TitleTableViewCell.swift */ = {isa = PBXFileReference; lastKnownFileType = sourcecode.swift; path = TitleTableViewCell.swift; sourceTree = "<group>"; };
		D0B656672B2B7920000A83D7 /* TitleViewModel.swift */ = {isa = PBXFileReference; lastKnownFileType = sourcecode.swift; path = TitleViewModel.swift; sourceTree = "<group>"; };
		D0B656692B2B84CE000A83D7 /* SearchResultsViewController.swift */ = {isa = PBXFileReference; lastKnownFileType = sourcecode.swift; path = SearchResultsViewController.swift; sourceTree = "<group>"; };
		D0D6CED12B3308CA004DA7C7 /* CinemateModel.xcdatamodel */ = {isa = PBXFileReference; lastKnownFileType = wrapper.xcdatamodel; path = CinemateModel.xcdatamodel; sourceTree = "<group>"; };
		D0D6CED32B330DF4004DA7C7 /* DataManager.swift */ = {isa = PBXFileReference; lastKnownFileType = sourcecode.swift; path = DataManager.swift; sourceTree = "<group>"; };
		D0FA0D262B29D5380084D939 /* Cinemate.app */ = {isa = PBXFileReference; explicitFileType = wrapper.application; includeInIndex = 0; path = Cinemate.app; sourceTree = BUILT_PRODUCTS_DIR; };
		D0FA0D292B29D5380084D939 /* AppDelegate.swift */ = {isa = PBXFileReference; lastKnownFileType = sourcecode.swift; path = AppDelegate.swift; sourceTree = "<group>"; };
		D0FA0D2B2B29D5380084D939 /* SceneDelegate.swift */ = {isa = PBXFileReference; lastKnownFileType = sourcecode.swift; path = SceneDelegate.swift; sourceTree = "<group>"; };
		D0FA0D2D2B29D5380084D939 /* MainTabBarViewController.swift */ = {isa = PBXFileReference; lastKnownFileType = sourcecode.swift; path = MainTabBarViewController.swift; sourceTree = "<group>"; };
		D0FA0D322B29D5390084D939 /* Assets.xcassets */ = {isa = PBXFileReference; lastKnownFileType = folder.assetcatalog; path = Assets.xcassets; sourceTree = "<group>"; };
		D0FA0D352B29D5390084D939 /* Base */ = {isa = PBXFileReference; lastKnownFileType = file.storyboard; name = Base; path = Base.lproj/LaunchScreen.storyboard; sourceTree = "<group>"; };
		D0FA0D372B29D5390084D939 /* Info.plist */ = {isa = PBXFileReference; lastKnownFileType = text.plist.xml; path = Info.plist; sourceTree = "<group>"; };
		D0FA0D3E2B29D95C0084D939 /* HomeViewController.swift */ = {isa = PBXFileReference; lastKnownFileType = sourcecode.swift; path = HomeViewController.swift; sourceTree = "<group>"; };
		D0FA0D402B29D9870084D939 /* ComingViewController.swift */ = {isa = PBXFileReference; lastKnownFileType = sourcecode.swift; path = ComingViewController.swift; sourceTree = "<group>"; };
		D0FA0D422B29D9990084D939 /* SearchViewController.swift */ = {isa = PBXFileReference; lastKnownFileType = sourcecode.swift; path = SearchViewController.swift; sourceTree = "<group>"; };
		D0FA0D442B29D9B30084D939 /* DownloadsViewController.swift */ = {isa = PBXFileReference; lastKnownFileType = sourcecode.swift; path = DownloadsViewController.swift; sourceTree = "<group>"; };
		D0FA0D4B2B29E0F90084D939 /* CollectionViewTableViewCell.swift */ = {isa = PBXFileReference; lastKnownFileType = sourcecode.swift; path = CollectionViewTableViewCell.swift; sourceTree = "<group>"; };
/* End PBXFileReference section */

/* Begin PBXFrameworksBuildPhase section */
		D0FA0D232B29D5380084D939 /* Frameworks */ = {
			isa = PBXFrameworksBuildPhase;
			buildActionMask = 2147483647;
			files = (
				D0B656642B2B598C000A83D7 /* SDWebImageMapKit in Frameworks */,
				D0B656622B2B598C000A83D7 /* SDWebImage in Frameworks */,
			);
			runOnlyForDeploymentPostprocessing = 0;
		};
/* End PBXFrameworksBuildPhase section */

/* Begin PBXGroup section */
		D0B6566B2B2B850C000A83D7 /* Core */ = {
			isa = PBXGroup;
			children = (
				D0B656692B2B84CE000A83D7 /* SearchResultsViewController.swift */,
				D0A3517A2B2DCFA8006AAABA /* PreviewViewController.swift */,
			);
			path = Core;
			sourceTree = "<group>";
		};
		D0B6566C2B2B8513000A83D7 /* General */ = {
			isa = PBXGroup;
			children = (
				D0FA0D2D2B29D5380084D939 /* MainTabBarViewController.swift */,
				D0FA0D3E2B29D95C0084D939 /* HomeViewController.swift */,
				D0FA0D402B29D9870084D939 /* ComingViewController.swift */,
				D0FA0D422B29D9990084D939 /* SearchViewController.swift */,
				D0FA0D442B29D9B30084D939 /* DownloadsViewController.swift */,
			);
			path = General;
			sourceTree = "<group>";
		};
		D0FA0D1D2B29D5380084D939 = {
			isa = PBXGroup;
			children = (
				D0FA0D282B29D5380084D939 /* Cinemate */,
				D0FA0D272B29D5380084D939 /* Products */,
			);
			sourceTree = "<group>";
		};
		D0FA0D272B29D5380084D939 /* Products */ = {
			isa = PBXGroup;
			children = (
				D0FA0D262B29D5380084D939 /* Cinemate.app */,
			);
			name = Products;
			sourceTree = "<group>";
		};
		D0FA0D282B29D5380084D939 /* Cinemate */ = {
			isa = PBXGroup;
			children = (
				D0FA0D4A2B29E0900084D939 /* Managers */,
				D0FA0D492B29E0830084D939 /* Resources */,
				D0FA0D482B29E07B0084D939 /* Models */,
				D0FA0D472B29E0720084D939 /* Views */,
				D0FA0D462B29E0630084D939 /* ViewModels */,
				D0FA0D3D2B29D93F0084D939 /* Controllers */,
				D0FA0D322B29D5390084D939 /* Assets.xcassets */,
				D0FA0D342B29D5390084D939 /* LaunchScreen.storyboard */,
				D0FA0D372B29D5390084D939 /* Info.plist */,
				D0D6CED02B3308CA004DA7C7 /* CinemateModel.xcdatamodeld */,
			);
			path = Cinemate;
			sourceTree = "<group>";
		};
		D0FA0D3D2B29D93F0084D939 /* Controllers */ = {
			isa = PBXGroup;
			children = (
				D0B6566C2B2B8513000A83D7 /* General */,
				D0B6566B2B2B850C000A83D7 /* Core */,
			);
			path = Controllers;
			sourceTree = "<group>";
		};
		D0FA0D462B29E0630084D939 /* ViewModels */ = {
			isa = PBXGroup;
			children = (
				D0B656672B2B7920000A83D7 /* TitleViewModel.swift */,
				D0A3517C2B2DD2D6006AAABA /* PreviewViewModel.swift */,
			);
			path = ViewModels;
			sourceTree = "<group>";
		};
		D0FA0D472B29E0720084D939 /* Views */ = {
			isa = PBXGroup;
			children = (
				D0FA0D4B2B29E0F90084D939 /* CollectionViewTableViewCell.swift */,
				D086AE732B2A1E42009CC8B0 /* HeaderView.swift */,
				D0B6565E2B2B581C000A83D7 /* TitleCollectionViewCell.swift */,
				D0B656652B2B7565000A83D7 /* TitleTableViewCell.swift */,
			);
			path = Views;
			sourceTree = "<group>";
		};
		D0FA0D482B29E07B0084D939 /* Models */ = {
			isa = PBXGroup;
			children = (
				D0B656582B2B1629000A83D7 /* Title.swift */,
				D0A351782B2DCBB2006AAABA /* YoutubeSearchResponse.swift */,
			);
			path = Models;
			sourceTree = "<group>";
		};
		D0FA0D492B29E0830084D939 /* Resources */ = {
			isa = PBXGroup;
			children = (
				D0FA0D2B2B29D5380084D939 /* SceneDelegate.swift */,
				D0FA0D292B29D5380084D939 /* AppDelegate.swift */,
			);
			path = Resources;
			sourceTree = "<group>";
		};
		D0FA0D4A2B29E0900084D939 /* Managers */ = {
			isa = PBXGroup;
			children = (
				D0B656562B2B0EF4000A83D7 /* APICaller.swift */,
				D0D6CED32B330DF4004DA7C7 /* DataManager.swift */,
			);
			path = Managers;
			sourceTree = "<group>";
		};
/* End PBXGroup section */

/* Begin PBXNativeTarget section */
		D0FA0D252B29D5380084D939 /* Cinemate */ = {
			isa = PBXNativeTarget;
			buildConfigurationList = D0FA0D3A2B29D5390084D939 /* Build configuration list for PBXNativeTarget "Cinemate" */;
			buildPhases = (
				D0FA0D222B29D5380084D939 /* Sources */,
				D0FA0D232B29D5380084D939 /* Frameworks */,
				D0FA0D242B29D5380084D939 /* Resources */,
			);
			buildRules = (
			);
			dependencies = (
			);
			name = Cinemate;
			packageProductDependencies = (
				D0B656612B2B598C000A83D7 /* SDWebImage */,
				D0B656632B2B598C000A83D7 /* SDWebImageMapKit */,
			);
			productName = Cinemate;
			productReference = D0FA0D262B29D5380084D939 /* Cinemate.app */;
			productType = "com.apple.product-type.application";
		};
/* End PBXNativeTarget section */

/* Begin PBXProject section */
		D0FA0D1E2B29D5380084D939 /* Project object */ = {
			isa = PBXProject;
			attributes = {
				BuildIndependentTargetsInParallel = 1;
				LastSwiftUpdateCheck = 1500;
				LastUpgradeCheck = 1500;
				TargetAttributes = {
					D0FA0D252B29D5380084D939 = {
						CreatedOnToolsVersion = 15.0.1;
					};
				};
			};
			buildConfigurationList = D0FA0D212B29D5380084D939 /* Build configuration list for PBXProject "Cinemate" */;
			compatibilityVersion = "Xcode 14.0";
			developmentRegion = en;
			hasScannedForEncodings = 0;
			knownRegions = (
				en,
				Base,
			);
			mainGroup = D0FA0D1D2B29D5380084D939;
			packageReferences = (
				D0B656602B2B598C000A83D7 /* XCRemoteSwiftPackageReference "SDWebImage" */,
			);
			productRefGroup = D0FA0D272B29D5380084D939 /* Products */;
			projectDirPath = "";
			projectRoot = "";
			targets = (
				D0FA0D252B29D5380084D939 /* Cinemate */,
			);
		};
/* End PBXProject section */

/* Begin PBXResourcesBuildPhase section */
		D0FA0D242B29D5380084D939 /* Resources */ = {
			isa = PBXResourcesBuildPhase;
			buildActionMask = 2147483647;
			files = (
				D0FA0D362B29D5390084D939 /* LaunchScreen.storyboard in Resources */,
				D0FA0D332B29D5390084D939 /* Assets.xcassets in Resources */,
			);
			runOnlyForDeploymentPostprocessing = 0;
		};
/* End PBXResourcesBuildPhase section */

/* Begin PBXSourcesBuildPhase section */
		D0FA0D222B29D5380084D939 /* Sources */ = {
			isa = PBXSourcesBuildPhase;
			buildActionMask = 2147483647;
			files = (
				D0A3517D2B2DD2D6006AAABA /* PreviewViewModel.swift in Sources */,
				D0B656662B2B7565000A83D7 /* TitleTableViewCell.swift in Sources */,
				D0FA0D432B29D9990084D939 /* SearchViewController.swift in Sources */,
				D0B6565F2B2B581C000A83D7 /* TitleCollectionViewCell.swift in Sources */,
				D0FA0D2E2B29D5380084D939 /* MainTabBarViewController.swift in Sources */,
				D0FA0D4C2B29E0F90084D939 /* CollectionViewTableViewCell.swift in Sources */,
				D0B656572B2B0EF4000A83D7 /* APICaller.swift in Sources */,
				D086AE742B2A1E42009CC8B0 /* HeaderView.swift in Sources */,
				D0FA0D452B29D9B30084D939 /* DownloadsViewController.swift in Sources */,
				D0FA0D2A2B29D5380084D939 /* AppDelegate.swift in Sources */,
				D0D6CED42B330DF4004DA7C7 /* DataManager.swift in Sources */,
				D0B6566A2B2B84CE000A83D7 /* SearchResultsViewController.swift in Sources */,
				D0FA0D2C2B29D5380084D939 /* SceneDelegate.swift in Sources */,
				D0D6CED22B3308CA004DA7C7 /* CinemateModel.xcdatamodeld in Sources */,
				D0FA0D412B29D9870084D939 /* ComingViewController.swift in Sources */,
				D0A351792B2DCBB2006AAABA /* YoutubeSearchResponse.swift in Sources */,
				D0B656592B2B1629000A83D7 /* Title.swift in Sources */,
				D0FA0D3F2B29D95C0084D939 /* HomeViewController.swift in Sources */,
				D0B656682B2B7920000A83D7 /* TitleViewModel.swift in Sources */,
				D0A3517B2B2DCFA8006AAABA /* PreviewViewController.swift in Sources */,
			);
			runOnlyForDeploymentPostprocessing = 0;
		};
/* End PBXSourcesBuildPhase section */

/* Begin PBXVariantGroup section */
		D0FA0D342B29D5390084D939 /* LaunchScreen.storyboard */ = {
			isa = PBXVariantGroup;
			children = (
				D0FA0D352B29D5390084D939 /* Base */,
			);
			name = LaunchScreen.storyboard;
			sourceTree = "<group>";
		};
/* End PBXVariantGroup section */

/* Begin XCBuildConfiguration section */
		D0FA0D382B29D5390084D939 /* Debug */ = {
			isa = XCBuildConfiguration;
			buildSettings = {
				ALWAYS_SEARCH_USER_PATHS = NO;
				ASSETCATALOG_COMPILER_GENERATE_SWIFT_ASSET_SYMBOL_EXTENSIONS = YES;
				CLANG_ANALYZER_NONNULL = YES;
				CLANG_ANALYZER_NUMBER_OBJECT_CONVERSION = YES_AGGRESSIVE;
				CLANG_CXX_LANGUAGE_STANDARD = "gnu++20";
				CLANG_ENABLE_MODULES = YES;
				CLANG_ENABLE_OBJC_ARC = YES;
				CLANG_ENABLE_OBJC_WEAK = YES;
				CLANG_WARN_BLOCK_CAPTURE_AUTORELEASING = YES;
				CLANG_WARN_BOOL_CONVERSION = YES;
				CLANG_WARN_COMMA = YES;
				CLANG_WARN_CONSTANT_CONVERSION = YES;
				CLANG_WARN_DEPRECATED_OBJC_IMPLEMENTATIONS = YES;
				CLANG_WARN_DIRECT_OBJC_ISA_USAGE = YES_ERROR;
				CLANG_WARN_DOCUMENTATION_COMMENTS = YES;
				CLANG_WARN_EMPTY_BODY = YES;
				CLANG_WARN_ENUM_CONVERSION = YES;
				CLANG_WARN_INFINITE_RECURSION = YES;
				CLANG_WARN_INT_CONVERSION = YES;
				CLANG_WARN_NON_LITERAL_NULL_CONVERSION = YES;
				CLANG_WARN_OBJC_IMPLICIT_RETAIN_SELF = YES;
				CLANG_WARN_OBJC_LITERAL_CONVERSION = YES;
				CLANG_WARN_OBJC_ROOT_CLASS = YES_ERROR;
				CLANG_WARN_QUOTED_INCLUDE_IN_FRAMEWORK_HEADER = YES;
				CLANG_WARN_RANGE_LOOP_ANALYSIS = YES;
				CLANG_WARN_STRICT_PROTOTYPES = YES;
				CLANG_WARN_SUSPICIOUS_MOVE = YES;
				CLANG_WARN_UNGUARDED_AVAILABILITY = YES_AGGRESSIVE;
				CLANG_WARN_UNREACHABLE_CODE = YES;
				CLANG_WARN__DUPLICATE_METHOD_MATCH = YES;
				COPY_PHASE_STRIP = NO;
				DEBUG_INFORMATION_FORMAT = dwarf;
				ENABLE_STRICT_OBJC_MSGSEND = YES;
				ENABLE_TESTABILITY = YES;
				ENABLE_USER_SCRIPT_SANDBOXING = YES;
				GCC_C_LANGUAGE_STANDARD = gnu17;
				GCC_DYNAMIC_NO_PIC = NO;
				GCC_NO_COMMON_BLOCKS = YES;
				GCC_OPTIMIZATION_LEVEL = 0;
				GCC_PREPROCESSOR_DEFINITIONS = (
					"DEBUG=1",
					"$(inherited)",
				);
				GCC_WARN_64_TO_32_BIT_CONVERSION = YES;
				GCC_WARN_ABOUT_RETURN_TYPE = YES_ERROR;
				GCC_WARN_UNDECLARED_SELECTOR = YES;
				GCC_WARN_UNINITIALIZED_AUTOS = YES_AGGRESSIVE;
				GCC_WARN_UNUSED_FUNCTION = YES;
				GCC_WARN_UNUSED_VARIABLE = YES;
				IPHONEOS_DEPLOYMENT_TARGET = 17.0;
				LOCALIZATION_PREFERS_STRING_CATALOGS = YES;
				MTL_ENABLE_DEBUG_INFO = INCLUDE_SOURCE;
				MTL_FAST_MATH = YES;
				ONLY_ACTIVE_ARCH = YES;
				SDKROOT = iphoneos;
				SWIFT_ACTIVE_COMPILATION_CONDITIONS = "DEBUG $(inherited)";
				SWIFT_OPTIMIZATION_LEVEL = "-Onone";
			};
			name = Debug;
		};
		D0FA0D392B29D5390084D939 /* Release */ = {
			isa = XCBuildConfiguration;
			buildSettings = {
				ALWAYS_SEARCH_USER_PATHS = NO;
				ASSETCATALOG_COMPILER_GENERATE_SWIFT_ASSET_SYMBOL_EXTENSIONS = YES;
				CLANG_ANALYZER_NONNULL = YES;
				CLANG_ANALYZER_NUMBER_OBJECT_CONVERSION = YES_AGGRESSIVE;
				CLANG_CXX_LANGUAGE_STANDARD = "gnu++20";
				CLANG_ENABLE_MODULES = YES;
				CLANG_ENABLE_OBJC_ARC = YES;
				CLANG_ENABLE_OBJC_WEAK = YES;
				CLANG_WARN_BLOCK_CAPTURE_AUTORELEASING = YES;
				CLANG_WARN_BOOL_CONVERSION = YES;
				CLANG_WARN_COMMA = YES;
				CLANG_WARN_CONSTANT_CONVERSION = YES;
				CLANG_WARN_DEPRECATED_OBJC_IMPLEMENTATIONS = YES;
				CLANG_WARN_DIRECT_OBJC_ISA_USAGE = YES_ERROR;
				CLANG_WARN_DOCUMENTATION_COMMENTS = YES;
				CLANG_WARN_EMPTY_BODY = YES;
				CLANG_WARN_ENUM_CONVERSION = YES;
				CLANG_WARN_INFINITE_RECURSION = YES;
				CLANG_WARN_INT_CONVERSION = YES;
				CLANG_WARN_NON_LITERAL_NULL_CONVERSION = YES;
				CLANG_WARN_OBJC_IMPLICIT_RETAIN_SELF = YES;
				CLANG_WARN_OBJC_LITERAL_CONVERSION = YES;
				CLANG_WARN_OBJC_ROOT_CLASS = YES_ERROR;
				CLANG_WARN_QUOTED_INCLUDE_IN_FRAMEWORK_HEADER = YES;
				CLANG_WARN_RANGE_LOOP_ANALYSIS = YES;
				CLANG_WARN_STRICT_PROTOTYPES = YES;
				CLANG_WARN_SUSPICIOUS_MOVE = YES;
				CLANG_WARN_UNGUARDED_AVAILABILITY = YES_AGGRESSIVE;
				CLANG_WARN_UNREACHABLE_CODE = YES;
				CLANG_WARN__DUPLICATE_METHOD_MATCH = YES;
				COPY_PHASE_STRIP = NO;
				DEBUG_INFORMATION_FORMAT = "dwarf-with-dsym";
				ENABLE_NS_ASSERTIONS = NO;
				ENABLE_STRICT_OBJC_MSGSEND = YES;
				ENABLE_USER_SCRIPT_SANDBOXING = YES;
				GCC_C_LANGUAGE_STANDARD = gnu17;
				GCC_NO_COMMON_BLOCKS = YES;
				GCC_WARN_64_TO_32_BIT_CONVERSION = YES;
				GCC_WARN_ABOUT_RETURN_TYPE = YES_ERROR;
				GCC_WARN_UNDECLARED_SELECTOR = YES;
				GCC_WARN_UNINITIALIZED_AUTOS = YES_AGGRESSIVE;
				GCC_WARN_UNUSED_FUNCTION = YES;
				GCC_WARN_UNUSED_VARIABLE = YES;
				IPHONEOS_DEPLOYMENT_TARGET = 17.0;
				LOCALIZATION_PREFERS_STRING_CATALOGS = YES;
				MTL_ENABLE_DEBUG_INFO = NO;
				MTL_FAST_MATH = YES;
				SDKROOT = iphoneos;
				SWIFT_COMPILATION_MODE = wholemodule;
				VALIDATE_PRODUCT = YES;
			};
			name = Release;
		};
		D0FA0D3B2B29D5390084D939 /* Debug */ = {
			isa = XCBuildConfiguration;
			buildSettings = {
				ASSETCATALOG_COMPILER_APPICON_NAME = AppIcon;
				ASSETCATALOG_COMPILER_GLOBAL_ACCENT_COLOR_NAME = AccentColor;
				CODE_SIGN_STYLE = Automatic;
				CURRENT_PROJECT_VERSION = 1;
				DEVELOPMENT_TEAM = P24CVK85YR;
				GENERATE_INFOPLIST_FILE = YES;
				INFOPLIST_FILE = Cinemate/Info.plist;
				INFOPLIST_KEY_LSApplicationCategoryType = "public.app-category.entertainment";
				INFOPLIST_KEY_UIApplicationSupportsIndirectInputEvents = YES;
				INFOPLIST_KEY_UILaunchStoryboardName = LaunchScreen;
				INFOPLIST_KEY_UISupportedInterfaceOrientations = UIInterfaceOrientationPortrait;
				INFOPLIST_KEY_UISupportedInterfaceOrientations_iPad = "UIInterfaceOrientationLandscapeLeft UIInterfaceOrientationLandscapeRight UIInterfaceOrientationPortrait UIInterfaceOrientationPortraitUpsideDown";
				LD_RUNPATH_SEARCH_PATHS = (
					"$(inherited)",
					"@executable_path/Frameworks",
				);
				MARKETING_VERSION = 1.0;
				PRODUCT_BUNDLE_IDENTIFIER = Hammer.Cinemate;
				PRODUCT_NAME = "$(TARGET_NAME)";
				SUPPORTED_PLATFORMS = "iphoneos iphonesimulator";
				SUPPORTS_MACCATALYST = NO;
				SUPPORTS_MAC_DESIGNED_FOR_IPHONE_IPAD = NO;
				SWIFT_EMIT_LOC_STRINGS = YES;
				SWIFT_VERSION = 5.0;
				TARGETED_DEVICE_FAMILY = 1;
			};
			name = Debug;
		};
		D0FA0D3C2B29D5390084D939 /* Release */ = {
			isa = XCBuildConfiguration;
			buildSettings = {
				ASSETCATALOG_COMPILER_APPICON_NAME = AppIcon;
				ASSETCATALOG_COMPILER_GLOBAL_ACCENT_COLOR_NAME = AccentColor;
				CODE_SIGN_STYLE = Automatic;
				CURRENT_PROJECT_VERSION = 1;
				DEVELOPMENT_TEAM = P24CVK85YR;
				GENERATE_INFOPLIST_FILE = YES;
				INFOPLIST_FILE = Cinemate/Info.plist;
				INFOPLIST_KEY_LSApplicationCategoryType = "public.app-category.entertainment";
				INFOPLIST_KEY_UIApplicationSupportsIndirectInputEvents = YES;
				INFOPLIST_KEY_UILaunchStoryboardName = LaunchScreen;
				INFOPLIST_KEY_UISupportedInterfaceOrientations = UIInterfaceOrientationPortrait;
				INFOPLIST_KEY_UISupportedInterfaceOrientations_iPad = "UIInterfaceOrientationLandscapeLeft UIInterfaceOrientationLandscapeRight UIInterfaceOrientationPortrait UIInterfaceOrientationPortraitUpsideDown";
				LD_RUNPATH_SEARCH_PATHS = (
					"$(inherited)",
					"@executable_path/Frameworks",
				);
				MARKETING_VERSION = 1.0;
				PRODUCT_BUNDLE_IDENTIFIER = Hammer.Cinemate;
				PRODUCT_NAME = "$(TARGET_NAME)";
				SUPPORTED_PLATFORMS = "iphoneos iphonesimulator";
				SUPPORTS_MACCATALYST = NO;
				SUPPORTS_MAC_DESIGNED_FOR_IPHONE_IPAD = NO;
				SWIFT_EMIT_LOC_STRINGS = YES;
				SWIFT_VERSION = 5.0;
				TARGETED_DEVICE_FAMILY = 1;
			};
			name = Release;
		};
/* End XCBuildConfiguration section */

/* Begin XCConfigurationList section */
		D0FA0D212B29D5380084D939 /* Build configuration list for PBXProject "Cinemate" */ = {
			isa = XCConfigurationList;
			buildConfigurations = (
				D0FA0D382B29D5390084D939 /* Debug */,
				D0FA0D392B29D5390084D939 /* Release */,
			);
			defaultConfigurationIsVisible = 0;
			defaultConfigurationName = Release;
		};
		D0FA0D3A2B29D5390084D939 /* Build configuration list for PBXNativeTarget "Cinemate" */ = {
			isa = XCConfigurationList;
			buildConfigurations = (
				D0FA0D3B2B29D5390084D939 /* Debug */,
				D0FA0D3C2B29D5390084D939 /* Release */,
			);
			defaultConfigurationIsVisible = 0;
			defaultConfigurationName = Release;
		};
/* End XCConfigurationList section */

/* Begin XCRemoteSwiftPackageReference section */
		D0B656602B2B598C000A83D7 /* XCRemoteSwiftPackageReference "SDWebImage" */ = {
			isa = XCRemoteSwiftPackageReference;
			repositoryURL = "https://github.com/SDWebImage/SDWebImage.git";
			requirement = {
				kind = upToNextMajorVersion;
				minimumVersion = 5.18.7;
			};
		};
/* End XCRemoteSwiftPackageReference section */

/* Begin XCSwiftPackageProductDependency section */
		D0B656612B2B598C000A83D7 /* SDWebImage */ = {
			isa = XCSwiftPackageProductDependency;
			package = D0B656602B2B598C000A83D7 /* XCRemoteSwiftPackageReference "SDWebImage" */;
			productName = SDWebImage;
		};
		D0B656632B2B598C000A83D7 /* SDWebImageMapKit */ = {
			isa = XCSwiftPackageProductDependency;
			package = D0B656602B2B598C000A83D7 /* XCRemoteSwiftPackageReference "SDWebImage" */;
			productName = SDWebImageMapKit;
		};
/* End XCSwiftPackageProductDependency section */

/* Begin XCVersionGroup section */
		D0D6CED02B3308CA004DA7C7 /* CinemateModel.xcdatamodeld */ = {
			isa = XCVersionGroup;
			children = (
				D0D6CED12B3308CA004DA7C7 /* CinemateModel.xcdatamodel */,
			);
			currentVersion = D0D6CED12B3308CA004DA7C7 /* CinemateModel.xcdatamodel */;
			path = CinemateModel.xcdatamodeld;
			sourceTree = "<group>";
			versionGroupType = wrapper.xcdatamodel;
		};
/* End XCVersionGroup section */
	};
	rootObject = D0FA0D1E2B29D5380084D939 /* Project object */;
}
